
Microsoft Visual Studio Solution File, Format Version 12.00
# Visual Studio Version 17
VisualStudioVersion = 17.10.35122.118
MinimumVisualStudioVersion = 10.0.40219.1
Project("{FAE04EC0-301F-11D3-BF4B-00C04F79EFBC}") = "ornekler", "ornekler\ornekler.csproj", "{22DA9D66-9850-4250-B30C-25DE7E4E7449}"
EndProject
Global
	GlobalSection(SolutionConfigurationPlatforms) = preSolution
		Debug|Any CPU = Debug|Any CPU
		Release|Any CPU = Release|Any CPU
	EndGlobalSection
	GlobalSection(ProjectConfigurationPlatforms) = postSolution
		{22DA9D66-9850-4250-B30C-25DE7E4E7449}.Debug|Any CPU.ActiveCfg = Debug|Any CPU
		{22DA9D66-9850-4250-B30C-25DE7E4E7449}.Debug|Any CPU.Build.0 = Debug|Any CPU
		{22DA9D66-9850-4250-B30C-25DE7E4E7449}.Release|Any CPU.ActiveCfg = Release|Any CPU
		{22DA9D66-9850-4250-B30C-25DE7E4E7449}.Release|Any CPU.Build.0 = Release|Any CPU
	EndGlobalSection
	GlobalSection(SolutionProperties) = preSolution
		HideSolutionNode = FALSE
	EndGlobalSection
	GlobalSection(ExtensibilityGlobals) = postSolution
		SolutionGuid = {54FA7C78-A2B2-403C-9E98-A2696156F4DF}
	EndGlobalSection
EndGlobal
